// !$*UTF8*$!
{
	archiveVersion = 1;
	classes = {
	};
	objectVersion = 56;
	objects = {

/* Begin PBXBuildFile section */
		002532632C8B00A4000D0251 /* UserModel.swift in Sources */ = {isa = PBXBuildFile; fileRef = 002532622C8B00A4000D0251 /* UserModel.swift */; };
		002532662C8B013D000D0251 /* CustomChatTableViewCell.xib in Resources */ = {isa = PBXBuildFile; fileRef = 002532652C8B013D000D0251 /* CustomChatTableViewCell.xib */; };
		002532672C8B013D000D0251 /* CustomChatTableViewCell.swift in Sources */ = {isa = PBXBuildFile; fileRef = 002532642C8B013D000D0251 /* CustomChatTableViewCell.swift */; };
		00262AD22C8AFD4F002729F3 /* AppDelegate.swift in Sources */ = {isa = PBXBuildFile; fileRef = 00262AD12C8AFD4F002729F3 /* AppDelegate.swift */; };
		00262AD42C8AFD4F002729F3 /* SceneDelegate.swift in Sources */ = {isa = PBXBuildFile; fileRef = 00262AD32C8AFD4F002729F3 /* SceneDelegate.swift */; };
		00262AD62C8AFD4F002729F3 /* ViewController.swift in Sources */ = {isa = PBXBuildFile; fileRef = 00262AD52C8AFD4F002729F3 /* ViewController.swift */; };
		00262AD92C8AFD4F002729F3 /* Base in Resources */ = {isa = PBXBuildFile; fileRef = 00262AD82C8AFD4F002729F3 /* Base */; };
		00262ADB2C8AFD50002729F3 /* Assets.xcassets in Resources */ = {isa = PBXBuildFile; fileRef = 00262ADA2C8AFD50002729F3 /* Assets.xcassets */; };
		00262ADE2C8AFD50002729F3 /* Base in Resources */ = {isa = PBXBuildFile; fileRef = 00262ADD2C8AFD50002729F3 /* Base */; };
/* End PBXBuildFile section */

/* Begin PBXFileReference section */
		002532622C8B00A4000D0251 /* UserModel.swift */ = {isa = PBXFileReference; lastKnownFileType = sourcecode.swift; path = UserModel.swift; sourceTree = "<group>"; };
		002532642C8B013D000D0251 /* CustomChatTableViewCell.swift */ = {isa = PBXFileReference; lastKnownFileType = sourcecode.swift; path = CustomChatTableViewCell.swift; sourceTree = "<group>"; };
		002532652C8B013D000D0251 /* CustomChatTableViewCell.xib */ = {isa = PBXFileReference; lastKnownFileType = file.xib; path = CustomChatTableViewCell.xib; sourceTree = "<group>"; };
		00262ACE2C8AFD4F002729F3 /* MessagerTableView.app */ = {isa = PBXFileReference; explicitFileType = wrapper.application; includeInIndex = 0; path = MessagerTableView.app; sourceTree = BUILT_PRODUCTS_DIR; };
		00262AD12C8AFD4F002729F3 /* AppDelegate.swift */ = {isa = PBXFileReference; lastKnownFileType = sourcecode.swift; path = AppDelegate.swift; sourceTree = "<group>"; };
		00262AD32C8AFD4F002729F3 /* SceneDelegate.swift */ = {isa = PBXFileReference; lastKnownFileType = sourcecode.swift; path = SceneDelegate.swift; sourceTree = "<group>"; };
		00262AD52C8AFD4F002729F3 /* ViewController.swift */ = {isa = PBXFileReference; lastKnownFileType = sourcecode.swift; path = ViewController.swift; sourceTree = "<group>"; };
		00262AD82C8AFD4F002729F3 /* Base */ = {isa = PBXFileReference; lastKnownFileType = file.storyboard; name = Base; path = Base.lproj/Main.storyboard; sourceTree = "<group>"; };
		00262ADA2C8AFD50002729F3 /* Assets.xcassets */ = {isa = PBXFileReference; lastKnownFileType = folder.assetcatalog; path = Assets.xcassets; sourceTree = "<group>"; };
		00262ADD2C8AFD50002729F3 /* Base */ = {isa = PBXFileReference; lastKnownFileType = file.storyboard; name = Base; path = Base.lproj/LaunchScreen.storyboard; sourceTree = "<group>"; };
		00262ADF2C8AFD50002729F3 /* Info.plist */ = {isa = PBXFileReference; lastKnownFileType = text.plist.xml; path = Info.plist; sourceTree = "<group>"; };
/* End PBXFileReference section */

/* Begin PBXFrameworksBuildPhase section */
		00262ACB2C8AFD4F002729F3 /* Frameworks */ = {
			isa = PBXFrameworksBuildPhase;
			buildActionMask = 2147483647;
			files = (
			);
			runOnlyForDeploymentPostprocessing = 0;
		};
/* End PBXFrameworksBuildPhase section */

/* Begin PBXGroup section */
		00262AC52C8AFD4F002729F3 = {
			isa = PBXGroup;
			children = (
				00262AD02C8AFD4F002729F3 /* MessagerTableView */,
				00262ACF2C8AFD4F002729F3 /* Products */,
			);
			sourceTree = "<group>";
		};
		00262ACF2C8AFD4F002729F3 /* Products */ = {
			isa = PBXGroup;
			children = (
				00262ACE2C8AFD4F002729F3 /* MessagerTableView.app */,
			);
			name = Products;
			sourceTree = "<group>";
		};
		00262AD02C8AFD4F002729F3 /* MessagerTableView */ = {
			isa = PBXGroup;
			children = (
				00262AD12C8AFD4F002729F3 /* AppDelegate.swift */,
				00262AD32C8AFD4F002729F3 /* SceneDelegate.swift */,
				00262AD52C8AFD4F002729F3 /* ViewController.swift */,
				002532642C8B013D000D0251 /* CustomChatTableViewCell.swift */,
				002532652C8B013D000D0251 /* CustomChatTableViewCell.xib */,
				00262AD72C8AFD4F002729F3 /* Main.storyboard */,
				002532622C8B00A4000D0251 /* UserModel.swift */,
				00262ADA2C8AFD50002729F3 /* Assets.xcassets */,
				00262ADC2C8AFD50002729F3 /* LaunchScreen.storyboard */,
				00262ADF2C8AFD50002729F3 /* Info.plist */,
			);
			path = MessagerTableView;
			sourceTree = "<group>";
		};
/* End PBXGroup section */

/* Begin PBXNativeTarget section */
		00262ACD2C8AFD4F002729F3 /* MessagerTableView */ = {
			isa = PBXNativeTarget;
			buildConfigurationList = 00262AE22C8AFD50002729F3 /* Build configuration list for PBXNativeTarget "MessagerTableView" */;
			buildPhases = (
				00262ACA2C8AFD4F002729F3 /* Sources */,
				00262ACB2C8AFD4F002729F3 /* Frameworks */,
				00262ACC2C8AFD4F002729F3 /* Resources */,
			);
			buildRules = (
			);
			dependencies = (
			);
			name = MessagerTableView;
			productName = MessagerTableView;
			productReference = 00262ACE2C8AFD4F002729F3 /* MessagerTableView.app */;
			productType = "com.apple.product-type.application";
		};
/* End PBXNativeTarget section */

/* Begin PBXProject section */
		00262AC62C8AFD4F002729F3 /* Project object */ = {
			isa = PBXProject;
			attributes = {
				BuildIndependentTargetsInParallel = 1;
				LastSwiftUpdateCheck = 1600;
				LastUpgradeCheck = 1600;
				TargetAttributes = {
					00262ACD2C8AFD4F002729F3 = {
						CreatedOnToolsVersion = 16.0;
					};
				};
			};
			buildConfigurationList = 00262AC92C8AFD4F002729F3 /* Build configuration list for PBXProject "MessagerTableView" */;
			compatibilityVersion = "Xcode 14.0";
			developmentRegion = en;
			hasScannedForEncodings = 0;
			knownRegions = (
				en,
				Base,
			);
			mainGroup = 00262AC52C8AFD4F002729F3;
			productRefGroup = 00262ACF2C8AFD4F002729F3 /* Products */;
			projectDirPath = "";
			projectRoot = "";
			targets = (
				00262ACD2C8AFD4F002729F3 /* MessagerTableView */,
			);
		};
/* End PBXProject section */

/* Begin PBXResourcesBuildPhase section */
		00262ACC2C8AFD4F002729F3 /* Resources */ = {
			isa = PBXResourcesBuildPhase;
			buildActionMask = 2147483647;
			files = (
				00262ADB2C8AFD50002729F3 /* Assets.xcassets in Resources */,
				00262ADE2C8AFD50002729F3 /* Base in Resources */,
				002532662C8B013D000D0251 /* CustomChatTableViewCell.xib in Resources */,
				00262AD92C8AFD4F002729F3 /* Base in Resources */,
			);
			runOnlyForDeploymentPostprocessing = 0;
		};
/* End PBXResourcesBuildPhase section */

/* Begin PBXSourcesBuildPhase section */
		00262ACA2C8AFD4F002729F3 /* Sources */ = {
			isa = PBXSourcesBuildPhase;
			buildActionMask = 2147483647;
			files = (
				00262AD62C8AFD4F002729F3 /* ViewController.swift in Sources */,
				00262AD22C8AFD4F002729F3 /* AppDelegate.swift in Sources */,
				002532632C8B00A4000D0251 /* UserModel.swift in Sources */,
				002532672C8B013D000D0251 /* CustomChatTableViewCell.swift in Sources */,
				00262AD42C8AFD4F002729F3 /* SceneDelegate.swift in Sources */,
			);
			runOnlyForDeploymentPostprocessing = 0;
		};
/* End PBXSourcesBuildPhase section */

/* Begin PBXVariantGroup section */
		00262AD72C8AFD4F002729F3 /* Main.storyboard */ = {
			isa = PBXVariantGroup;
			children = (
				00262AD82C8AFD4F002729F3 /* Base */,
			);
			name = Main.storyboard;
			sourceTree = "<group>";
		};
		00262ADC2C8AFD50002729F3 /* LaunchScreen.storyboard */ = {
			isa = PBXVariantGroup;
			children = (
				00262ADD2C8AFD50002729F3 /* Base */,
			);
			name = LaunchScreen.storyboard;
			sourceTree = "<group>";
		};
/* End PBXVariantGroup section */

/* Begin XCBuildConfiguration section */
		00262AE02C8AFD50002729F3 /* Debug */ = {
			isa = XCBuildConfiguration;
			buildSettings = {
				ALWAYS_SEARCH_USER_PATHS = NO;
				ASSETCATALOG_COMPILER_GENERATE_SWIFT_ASSET_SYMBOL_EXTENSIONS = YES;
				CLANG_ANALYZER_NONNULL = YES;
				CLANG_ANALYZER_NUMBER_OBJECT_CONVERSION = YES_AGGRESSIVE;
				CLANG_CXX_LANGUAGE_STANDARD = "gnu++20";
				CLANG_ENABLE_MODULES = YES;
				CLANG_ENABLE_OBJC_ARC = YES;
				CLANG_ENABLE_OBJC_WEAK = YES;
				CLANG_WARN_BLOCK_CAPTURE_AUTORELEASING = YES;
				CLANG_WARN_BOOL_CONVERSION = YES;
				CLANG_WARN_COMMA = YES;
				CLANG_WARN_CONSTANT_CONVERSION = YES;
				CLANG_WARN_DEPRECATED_OBJC_IMPLEMENTATIONS = YES;
				CLANG_WARN_DIRECT_OBJC_ISA_USAGE = YES_ERROR;
				CLANG_WARN_DOCUMENTATION_COMMENTS = YES;
				CLANG_WARN_EMPTY_BODY = YES;
				CLANG_WARN_ENUM_CONVERSION = YES;
				CLANG_WARN_INFINITE_RECURSION = YES;
				CLANG_WARN_INT_CONVERSION = YES;
				CLANG_WARN_NON_LITERAL_NULL_CONVERSION = YES;
				CLANG_WARN_OBJC_IMPLICIT_RETAIN_SELF = YES;
				CLANG_WARN_OBJC_LITERAL_CONVERSION = YES;
				CLANG_WARN_OBJC_ROOT_CLASS = YES_ERROR;
				CLANG_WARN_QUOTED_INCLUDE_IN_FRAMEWORK_HEADER = YES;
				CLANG_WARN_RANGE_LOOP_ANALYSIS = YES;
				CLANG_WARN_STRICT_PROTOTYPES = YES;
				CLANG_WARN_SUSPICIOUS_MOVE = YES;
				CLANG_WARN_UNGUARDED_AVAILABILITY = YES_AGGRESSIVE;
				CLANG_WARN_UNREACHABLE_CODE = YES;
				CLANG_WARN__DUPLICATE_METHOD_MATCH = YES;
				COPY_PHASE_STRIP = NO;
				DEBUG_INFORMATION_FORMAT = dwarf;
				ENABLE_STRICT_OBJC_MSGSEND = YES;
				ENABLE_TESTABILITY = YES;
				ENABLE_USER_SCRIPT_SANDBOXING = YES;
				GCC_C_LANGUAGE_STANDARD = gnu17;
				GCC_DYNAMIC_NO_PIC = NO;
				GCC_NO_COMMON_BLOCKS = YES;
				GCC_OPTIMIZATION_LEVEL = 0;
				GCC_PREPROCESSOR_DEFINITIONS = (
					"DEBUG=1",
					"$(inherited)",
				);
				GCC_WARN_64_TO_32_BIT_CONVERSION = YES;
				GCC_WARN_ABOUT_RETURN_TYPE = YES_ERROR;
				GCC_WARN_UNDECLARED_SELECTOR = YES;
				GCC_WARN_UNINITIALIZED_AUTOS = YES_AGGRESSIVE;
				GCC_WARN_UNUSED_FUNCTION = YES;
				GCC_WARN_UNUSED_VARIABLE = YES;
				IPHONEOS_DEPLOYMENT_TARGET = 18.0;
				LOCALIZATION_PREFERS_STRING_CATALOGS = YES;
				MTL_ENABLE_DEBUG_INFO = INCLUDE_SOURCE;
				MTL_FAST_MATH = YES;
				ONLY_ACTIVE_ARCH = YES;
				SDKROOT = iphoneos;
				SWIFT_ACTIVE_COMPILATION_CONDITIONS = "DEBUG $(inherited)";
				SWIFT_OPTIMIZATION_LEVEL = "-Onone";
			};
			name = Debug;
		};
		00262AE12C8AFD50002729F3 /* Release */ = {
			isa = XCBuildConfiguration;
			buildSettings = {
				ALWAYS_SEARCH_USER_PATHS = NO;
				ASSETCATALOG_COMPILER_GENERATE_SWIFT_ASSET_SYMBOL_EXTENSIONS = YES;
				CLANG_ANALYZER_NONNULL = YES;
				CLANG_ANALYZER_NUMBER_OBJECT_CONVERSION = YES_AGGRESSIVE;
				CLANG_CXX_LANGUAGE_STANDARD = "gnu++20";
				CLANG_ENABLE_MODULES = YES;
				CLANG_ENABLE_OBJC_ARC = YES;
				CLANG_ENABLE_OBJC_WEAK = YES;
				CLANG_WARN_BLOCK_CAPTURE_AUTORELEASING = YES;
				CLANG_WARN_BOOL_CONVERSION = YES;
				CLANG_WARN_COMMA = YES;
				CLANG_WARN_CONSTANT_CONVERSION = YES;
				CLANG_WARN_DEPRECATED_OBJC_IMPLEMENTATIONS = YES;
				CLANG_WARN_DIRECT_OBJC_ISA_USAGE = YES_ERROR;
				CLANG_WARN_DOCUMENTATION_COMMENTS = YES;
				CLANG_WARN_EMPTY_BODY = YES;
				CLANG_WARN_ENUM_CONVERSION = YES;
				CLANG_WARN_INFINITE_RECURSION = YES;
				CLANG_WARN_INT_CONVERSION = YES;
				CLANG_WARN_NON_LITERAL_NULL_CONVERSION = YES;
				CLANG_WARN_OBJC_IMPLICIT_RETAIN_SELF = YES;
				CLANG_WARN_OBJC_LITERAL_CONVERSION = YES;
				CLANG_WARN_OBJC_ROOT_CLASS = YES_ERROR;
				CLANG_WARN_QUOTED_INCLUDE_IN_FRAMEWORK_HEADER = YES;
				CLANG_WARN_RANGE_LOOP_ANALYSIS = YES;
				CLANG_WARN_STRICT_PROTOTYPES = YES;
				CLANG_WARN_SUSPICIOUS_MOVE = YES;
				CLANG_WARN_UNGUARDED_AVAILABILITY = YES_AGGRESSIVE;
				CLANG_WARN_UNREACHABLE_CODE = YES;
				CLANG_WARN__DUPLICATE_METHOD_MATCH = YES;
				COPY_PHASE_STRIP = NO;
				DEBUG_INFORMATION_FORMAT = "dwarf-with-dsym";
				ENABLE_NS_ASSERTIONS = NO;
				ENABLE_STRICT_OBJC_MSGSEND = YES;
				ENABLE_USER_SCRIPT_SANDBOXING = YES;
				GCC_C_LANGUAGE_STANDARD = gnu17;
				GCC_NO_COMMON_BLOCKS = YES;
				GCC_WARN_64_TO_32_BIT_CONVERSION = YES;
				GCC_WARN_ABOUT_RETURN_TYPE = YES_ERROR;
				GCC_WARN_UNDECLARED_SELECTOR = YES;
				GCC_WARN_UNINITIALIZED_AUTOS = YES_AGGRESSIVE;
				GCC_WARN_UNUSED_FUNCTION = YES;
				GCC_WARN_UNUSED_VARIABLE = YES;
				IPHONEOS_DEPLOYMENT_TARGET = 18.0;
				LOCALIZATION_PREFERS_STRING_CATALOGS = YES;
				MTL_ENABLE_DEBUG_INFO = NO;
				MTL_FAST_MATH = YES;
				SDKROOT = iphoneos;
				SWIFT_COMPILATION_MODE = wholemodule;
				VALIDATE_PRODUCT = YES;
			};
			name = Release;
		};
		00262AE32C8AFD50002729F3 /* Debug */ = {
			isa = XCBuildConfiguration;
			buildSettings = {
				ASSETCATALOG_COMPILER_APPICON_NAME = AppIcon;
				ASSETCATALOG_COMPILER_GLOBAL_ACCENT_COLOR_NAME = AccentColor;
				CODE_SIGN_STYLE = Automatic;
				CURRENT_PROJECT_VERSION = 1;
				DEVELOPMENT_TEAM = 438RLR53H4;
				GENERATE_INFOPLIST_FILE = YES;
				INFOPLIST_FILE = MessagerTableView/Info.plist;
				INFOPLIST_KEY_UIApplicationSupportsIndirectInputEvents = YES;
				INFOPLIST_KEY_UILaunchStoryboardName = LaunchScreen;
				INFOPLIST_KEY_UIMainStoryboardFile = Main;
				INFOPLIST_KEY_UISupportedInterfaceOrientations_iPad = "UIInterfaceOrientationPortrait UIInterfaceOrientationPortraitUpsideDown UIInterfaceOrientationLandscapeLeft UIInterfaceOrientationLandscapeRight";
				INFOPLIST_KEY_UISupportedInterfaceOrientations_iPhone = "UIInterfaceOrientationPortrait UIInterfaceOrientationLandscapeLeft UIInterfaceOrientationLandscapeRight";
				IPHONEOS_DEPLOYMENT_TARGET = 17.0;
				LD_RUNPATH_SEARCH_PATHS = (
					"$(inherited)",
					"@executable_path/Frameworks",
				);
				MARKETING_VERSION = 1.0;
				PRODUCT_BUNDLE_IDENTIFIER = com.nguyenlehieu.MessagerTableView;
				PRODUCT_NAME = "$(TARGET_NAME)";
				SWIFT_EMIT_LOC_STRINGS = YES;
				SWIFT_VERSION = 5.0;
				TARGETED_DEVICE_FAMILY = "1,2";
			};
			name = Debug;
		};
		00262AE42C8AFD50002729F3 /* Release */ = {
			isa = XCBuildConfiguration;
			buildSettings = {
				ASSETCATALOG_COMPILER_APPICON_NAME = AppIcon;
				ASSETCATALOG_COMPILER_GLOBAL_ACCENT_COLOR_NAME = AccentColor;
				CODE_SIGN_STYLE = Automatic;
				CURRENT_PROJECT_VERSION = 1;
				DEVELOPMENT_TEAM = 438RLR53H4;
				GENERATE_INFOPLIST_FILE = YES;
				INFOPLIST_FILE = MessagerTableView/Info.plist;
				INFOPLIST_KEY_UIApplicationSupportsIndirectInputEvents = YES;
				INFOPLIST_KEY_UILaunchStoryboardName = LaunchScreen;
				INFOPLIST_KEY_UIMainStoryboardFile = Main;
				INFOPLIST_KEY_UISupportedInterfaceOrientations_iPad = "UIInterfaceOrientationPortrait UIInterfaceOrientationPortraitUpsideDown UIInterfaceOrientationLandscapeLeft UIInterfaceOrientationLandscapeRight";
				INFOPLIST_KEY_UISupportedInterfaceOrientations_iPhone = "UIInterfaceOrientationPortrait UIInterfaceOrientationLandscapeLeft UIInterfaceOrientationLandscapeRight";
				IPHONEOS_DEPLOYMENT_TARGET = 17.0;
				LD_RUNPATH_SEARCH_PATHS = (
					"$(inherited)",
					"@executable_path/Frameworks",
				);
				MARKETING_VERSION = 1.0;
				PRODUCT_BUNDLE_IDENTIFIER = com.nguyenlehieu.MessagerTableView;
				PRODUCT_NAME = "$(TARGET_NAME)";
				SWIFT_EMIT_LOC_STRINGS = YES;
				SWIFT_VERSION = 5.0;
				TARGETED_DEVICE_FAMILY = "1,2";
			};
			name = Release;
		};
/* End XCBuildConfiguration section */

/* Begin XCConfigurationList section */
		00262AC92C8AFD4F002729F3 /* Build configuration list for PBXProject "MessagerTableView" */ = {
			isa = XCConfigurationList;
			buildConfigurations = (
				00262AE02C8AFD50002729F3 /* Debug */,
				00262AE12C8AFD50002729F3 /* Release */,
			);
			defaultConfigurationIsVisible = 0;
			defaultConfigurationName = Release;
		};
		00262AE22C8AFD50002729F3 /* Build configuration list for PBXNativeTarget "MessagerTableView" */ = {
			isa = XCConfigurationList;
			buildConfigurations = (
				00262AE32C8AFD50002729F3 /* Debug */,
				00262AE42C8AFD50002729F3 /* Release */,
			);
			defaultConfigurationIsVisible = 0;
			defaultConfigurationName = Release;
		};
/* End XCConfigurationList section */
	};
	rootObject = 00262AC62C8AFD4F002729F3 /* Project object */;
}
